
Microsoft Visual Studio Solution File, Format Version 12.00
# Visual Studio 15
Project("{FAE04EC0-301F-11D3-BF4B-00C04F79EFBC}") = "Assembly-CSharp", "Assembly-CSharp.csproj", "{80B7AD84-95C4-F15E-5030-CBF2F36E722B}"
EndProject
Project("{FAE04EC0-301F-11D3-BF4B-00C04F79EFBC}") = "WaterSystem", "WaterSystem.csproj", "{ACC24245-53EE-EF78-1A13-3E6946F6E8B5}"
EndProject
Project("{FAE04EC0-301F-11D3-BF4B-00C04F79EFBC}") = "WaterSystem.Editor", "WaterSystem.Editor.csproj", "{29C4D8DA-31C4-8BA7-1AF0-226FA97875AD}"
EndProject
Project("{FAE04EC0-301F-11D3-BF4B-00C04F79EFBC}") = "Assembly-CSharp-Editor", "Assembly-CSharp-Editor.csproj", "{AD62D534-D6B9-0BCE-4C35-FEDF29AA60BA}"
EndProject
Global
	GlobalSection(SolutionConfigurationPlatforms) = preSolution
		Debug|Any CPU = Debug|Any CPU
		Release|Any CPU = Release|Any CPU
	EndGlobalSection
	GlobalSection(ProjectConfigurationPlatforms) = postSolution
		{80B7AD84-95C4-F15E-5030-CBF2F36E722B}.Debug|Any CPU.ActiveCfg = Debug|Any CPU
		{80B7AD84-95C4-F15E-5030-CBF2F36E722B}.Debug|Any CPU.Build.0 = Debug|Any CPU
		{80B7AD84-95C4-F15E-5030-CBF2F36E722B}.Release|Any CPU.ActiveCfg = Release|Any CPU
		{80B7AD84-95C4-F15E-5030-CBF2F36E722B}.Release|Any CPU.Build.0 = Release|Any CPU
		{ACC24245-53EE-EF78-1A13-3E6946F6E8B5}.Debug|Any CPU.ActiveCfg = Debug|Any CPU
		{ACC24245-53EE-EF78-1A13-3E6946F6E8B5}.Debug|Any CPU.Build.0 = Debug|Any CPU
		{ACC24245-53EE-EF78-1A13-3E6946F6E8B5}.Release|Any CPU.ActiveCfg = Release|Any CPU
		{ACC24245-53EE-EF78-1A13-3E6946F6E8B5}.Release|Any CPU.Build.0 = Release|Any CPU
		{29C4D8DA-31C4-8BA7-1AF0-226FA97875AD}.Debug|Any CPU.ActiveCfg = Debug|Any CPU
		{29C4D8DA-31C4-8BA7-1AF0-226FA97875AD}.Debug|Any CPU.Build.0 = Debug|Any CPU
		{29C4D8DA-31C4-8BA7-1AF0-226FA97875AD}.Release|Any CPU.ActiveCfg = Release|Any CPU
		{29C4D8DA-31C4-8BA7-1AF0-226FA97875AD}.Release|Any CPU.Build.0 = Release|Any CPU
		{AD62D534-D6B9-0BCE-4C35-FEDF29AA60BA}.Debug|Any CPU.ActiveCfg = Debug|Any CPU
		{AD62D534-D6B9-0BCE-4C35-FEDF29AA60BA}.Debug|Any CPU.Build.0 = Debug|Any CPU
		{AD62D534-D6B9-0BCE-4C35-FEDF29AA60BA}.Release|Any CPU.ActiveCfg = Release|Any CPU
		{AD62D534-D6B9-0BCE-4C35-FEDF29AA60BA}.Release|Any CPU.Build.0 = Release|Any CPU
	EndGlobalSection
	GlobalSection(SolutionProperties) = preSolution
		HideSolutionNode = FALSE
	EndGlobalSection
EndGlobal
